
Microsoft Visual Studio Solution File, Format Version 12.00
# Visual Studio Version 17
VisualStudioVersion = 17.12.35527.113 d17.12
MinimumVisualStudioVersion = 10.0.40219.1
Project("{FAE04EC0-301F-11D3-BF4B-00C04F79EFBC}") = "Pet.SwiftLink.Desktop", "Pet.SwiftLink.Desktop\Pet.SwiftLink.Desktop.csproj", "{50A72D6C-A730-4D07-B7FC-D356A5B9FDEA}"
EndProject
Project("{FAE04EC0-301F-11D3-BF4B-00C04F79EFBC}") = "Pet.SwiftLink.Contract", "Pet.SwiftLink.Contract\Pet.SwiftLink.Contract.csproj", "{B8995D8D-500E-472C-A4E4-968A891F64F9}"
EndProject
Global
	GlobalSection(SolutionConfigurationPlatforms) = preSolution
		Debug|Any CPU = Debug|Any CPU
		Release|Any CPU = Release|Any CPU
	EndGlobalSection
	GlobalSection(ProjectConfigurationPlatforms) = postSolution
		{50A72D6C-A730-4D07-B7FC-D356A5B9FDEA}.Debug|Any CPU.ActiveCfg = Debug|Any CPU
		{50A72D6C-A730-4D07-B7FC-D356A5B9FDEA}.Debug|Any CPU.Build.0 = Debug|Any CPU
		{50A72D6C-A730-4D07-B7FC-D356A5B9FDEA}.Release|Any CPU.ActiveCfg = Release|Any CPU
		{50A72D6C-A730-4D07-B7FC-D356A5B9FDEA}.Release|Any CPU.Build.0 = Release|Any CPU
		{B8995D8D-500E-472C-A4E4-968A891F64F9}.Debug|Any CPU.ActiveCfg = Debug|Any CPU
		{B8995D8D-500E-472C-A4E4-968A891F64F9}.Debug|Any CPU.Build.0 = Debug|Any CPU
		{B8995D8D-500E-472C-A4E4-968A891F64F9}.Release|Any CPU.ActiveCfg = Release|Any CPU
		{B8995D8D-500E-472C-A4E4-968A891F64F9}.Release|Any CPU.Build.0 = Release|Any CPU
	EndGlobalSection
	GlobalSection(SolutionProperties) = preSolution
		HideSolutionNode = FALSE
	EndGlobalSection
EndGlobal
